
Microsoft Visual Studio Solution File, Format Version 12.00
# Visual Studio 15
VisualStudioVersion = 15.0.27130.2036
MinimumVisualStudioVersion = 10.0.40219.1
Project("{FAE04EC0-301F-11D3-BF4B-00C04F79EFBC}") = "CS_P020_ExerciseMath", "CS_P020_ExerciseMath\CS_P020_ExerciseMath.csproj", "{00A9CEDC-F155-43E8-B956-734FE23A71E7}"
EndProject
Global
	GlobalSection(SolutionConfigurationPlatforms) = preSolution
		Debug|Any CPU = Debug|Any CPU
		Release|Any CPU = Release|Any CPU
	EndGlobalSection
	GlobalSection(ProjectConfigurationPlatforms) = postSolution
		{00A9CEDC-F155-43E8-B956-734FE23A71E7}.Debug|Any CPU.ActiveCfg = Debug|Any CPU
		{00A9CEDC-F155-43E8-B956-734FE23A71E7}.Debug|Any CPU.Build.0 = Debug|Any CPU
		{00A9CEDC-F155-43E8-B956-734FE23A71E7}.Release|Any CPU.ActiveCfg = Release|Any CPU
		{00A9CEDC-F155-43E8-B956-734FE23A71E7}.Release|Any CPU.Build.0 = Release|Any CPU
	EndGlobalSection
	GlobalSection(SolutionProperties) = preSolution
		HideSolutionNode = FALSE
	EndGlobalSection
	GlobalSection(ExtensibilityGlobals) = postSolution
		SolutionGuid = {CE857F37-6A76-4490-B532-F73C89A1715B}
	EndGlobalSection
EndGlobal
