
Microsoft Visual Studio Solution File, Format Version 12.00
# Visual Studio 15
VisualStudioVersion = 15.0.27130.2036
MinimumVisualStudioVersion = 10.0.40219.1
Project("{FAE04EC0-301F-11D3-BF4B-00C04F79EFBC}") = "CS_P039_Exercise_VoidMethod", "CS_P039_Exercise_VoidMethod\CS_P039_Exercise_VoidMethod.csproj", "{C95973A9-4CFC-47DB-8AB6-4E4DF1DD1EEE}"
EndProject
Global
	GlobalSection(SolutionConfigurationPlatforms) = preSolution
		Debug|Any CPU = Debug|Any CPU
		Release|Any CPU = Release|Any CPU
	EndGlobalSection
	GlobalSection(ProjectConfigurationPlatforms) = postSolution
		{C95973A9-4CFC-47DB-8AB6-4E4DF1DD1EEE}.Debug|Any CPU.ActiveCfg = Debug|Any CPU
		{C95973A9-4CFC-47DB-8AB6-4E4DF1DD1EEE}.Debug|Any CPU.Build.0 = Debug|Any CPU
		{C95973A9-4CFC-47DB-8AB6-4E4DF1DD1EEE}.Release|Any CPU.ActiveCfg = Release|Any CPU
		{C95973A9-4CFC-47DB-8AB6-4E4DF1DD1EEE}.Release|Any CPU.Build.0 = Release|Any CPU
	EndGlobalSection
	GlobalSection(SolutionProperties) = preSolution
		HideSolutionNode = FALSE
	EndGlobalSection
	GlobalSection(ExtensibilityGlobals) = postSolution
		SolutionGuid = {9975DAE4-8AF7-4D7B-A366-14793432EFF8}
	EndGlobalSection
EndGlobal
