
Microsoft Visual Studio Solution File, Format Version 12.00
# Visual Studio 15
VisualStudioVersion = 15.0.27130.2036
MinimumVisualStudioVersion = 10.0.40219.1
Project("{FAE04EC0-301F-11D3-BF4B-00C04F79EFBC}") = "CS_P026_Exercise_Strings", "CS_P026_Exercise_Strings\CS_P026_Exercise_Strings.csproj", "{9E6F4FE8-E47E-4D43-82F5-4F6E43589E55}"
EndProject
Global
	GlobalSection(SolutionConfigurationPlatforms) = preSolution
		Debug|Any CPU = Debug|Any CPU
		Release|Any CPU = Release|Any CPU
	EndGlobalSection
	GlobalSection(ProjectConfigurationPlatforms) = postSolution
		{9E6F4FE8-E47E-4D43-82F5-4F6E43589E55}.Debug|Any CPU.ActiveCfg = Debug|Any CPU
		{9E6F4FE8-E47E-4D43-82F5-4F6E43589E55}.Debug|Any CPU.Build.0 = Debug|Any CPU
		{9E6F4FE8-E47E-4D43-82F5-4F6E43589E55}.Release|Any CPU.ActiveCfg = Release|Any CPU
		{9E6F4FE8-E47E-4D43-82F5-4F6E43589E55}.Release|Any CPU.Build.0 = Release|Any CPU
	EndGlobalSection
	GlobalSection(SolutionProperties) = preSolution
		HideSolutionNode = FALSE
	EndGlobalSection
	GlobalSection(ExtensibilityGlobals) = postSolution
		SolutionGuid = {AFC6CAD6-E17A-47BF-B91A-26420B4C0C7B}
	EndGlobalSection
EndGlobal
