
Microsoft Visual Studio Solution File, Format Version 12.00
# Visual Studio 15
VisualStudioVersion = 15.0.27130.2036
MinimumVisualStudioVersion = 10.0.40219.1
Project("{FAE04EC0-301F-11D3-BF4B-00C04F79EFBC}") = "CS_P111_Exercise", "ConsoleApp2\CS_P111_Exercise.csproj", "{7A8BE722-F8DE-456A-8DDD-E71E65329323}"
EndProject
Global
	GlobalSection(SolutionConfigurationPlatforms) = preSolution
		Debug|Any CPU = Debug|Any CPU
		Release|Any CPU = Release|Any CPU
	EndGlobalSection
	GlobalSection(ProjectConfigurationPlatforms) = postSolution
		{7A8BE722-F8DE-456A-8DDD-E71E65329323}.Debug|Any CPU.ActiveCfg = Debug|Any CPU
		{7A8BE722-F8DE-456A-8DDD-E71E65329323}.Debug|Any CPU.Build.0 = Debug|Any CPU
		{7A8BE722-F8DE-456A-8DDD-E71E65329323}.Release|Any CPU.ActiveCfg = Release|Any CPU
		{7A8BE722-F8DE-456A-8DDD-E71E65329323}.Release|Any CPU.Build.0 = Release|Any CPU
	EndGlobalSection
	GlobalSection(SolutionProperties) = preSolution
		HideSolutionNode = FALSE
	EndGlobalSection
	GlobalSection(ExtensibilityGlobals) = postSolution
		SolutionGuid = {6AEFAC9B-E755-4F4B-92EC-AABD43BDDF63}
	EndGlobalSection
EndGlobal
