
Microsoft Visual Studio Solution File, Format Version 12.00
# Visual Studio 15
VisualStudioVersion = 15.0.27130.2036
MinimumVisualStudioVersion = 10.0.40219.1
Project("{FAE04EC0-301F-11D3-BF4B-00C04F79EFBC}") = "CS_P033_Classes_Objects", "CS_P033_Classes_Objects\CS_P033_Classes_Objects.csproj", "{F26AFE41-96FF-45EE-B497-59BF5A40E265}"
EndProject
Project("{FAE04EC0-301F-11D3-BF4B-00C04F79EFBC}") = "Casino", "Casino\Casino.csproj", "{6E82CF90-48A1-4AB9-A998-F6AB62F71EC5}"
EndProject
Global
	GlobalSection(SolutionConfigurationPlatforms) = preSolution
		Debug|Any CPU = Debug|Any CPU
		Release|Any CPU = Release|Any CPU
	EndGlobalSection
	GlobalSection(ProjectConfigurationPlatforms) = postSolution
		{F26AFE41-96FF-45EE-B497-59BF5A40E265}.Debug|Any CPU.ActiveCfg = Debug|Any CPU
		{F26AFE41-96FF-45EE-B497-59BF5A40E265}.Debug|Any CPU.Build.0 = Debug|Any CPU
		{F26AFE41-96FF-45EE-B497-59BF5A40E265}.Release|Any CPU.ActiveCfg = Release|Any CPU
		{F26AFE41-96FF-45EE-B497-59BF5A40E265}.Release|Any CPU.Build.0 = Release|Any CPU
		{6E82CF90-48A1-4AB9-A998-F6AB62F71EC5}.Debug|Any CPU.ActiveCfg = Debug|Any CPU
		{6E82CF90-48A1-4AB9-A998-F6AB62F71EC5}.Debug|Any CPU.Build.0 = Debug|Any CPU
		{6E82CF90-48A1-4AB9-A998-F6AB62F71EC5}.Release|Any CPU.ActiveCfg = Release|Any CPU
		{6E82CF90-48A1-4AB9-A998-F6AB62F71EC5}.Release|Any CPU.Build.0 = Release|Any CPU
	EndGlobalSection
	GlobalSection(SolutionProperties) = preSolution
		HideSolutionNode = FALSE
	EndGlobalSection
	GlobalSection(ExtensibilityGlobals) = postSolution
		SolutionGuid = {6995FCCA-FD05-4B5B-8339-21BD5586D4EA}
	EndGlobalSection
EndGlobal
