
Microsoft Visual Studio Solution File, Format Version 12.00
# Visual Studio 15
VisualStudioVersion = 15.0.27130.2036
MinimumVisualStudioVersion = 10.0.40219.1
Project("{FAE04EC0-301F-11D3-BF4B-00C04F79EFBC}") = "CS_P025_Strings", "CS_P025_Strings\CS_P025_Strings.csproj", "{AF05C634-9180-4929-B203-E4C909E80CBD}"
EndProject
Global
	GlobalSection(SolutionConfigurationPlatforms) = preSolution
		Debug|Any CPU = Debug|Any CPU
		Release|Any CPU = Release|Any CPU
	EndGlobalSection
	GlobalSection(ProjectConfigurationPlatforms) = postSolution
		{AF05C634-9180-4929-B203-E4C909E80CBD}.Debug|Any CPU.ActiveCfg = Debug|Any CPU
		{AF05C634-9180-4929-B203-E4C909E80CBD}.Debug|Any CPU.Build.0 = Debug|Any CPU
		{AF05C634-9180-4929-B203-E4C909E80CBD}.Release|Any CPU.ActiveCfg = Release|Any CPU
		{AF05C634-9180-4929-B203-E4C909E80CBD}.Release|Any CPU.Build.0 = Release|Any CPU
	EndGlobalSection
	GlobalSection(SolutionProperties) = preSolution
		HideSolutionNode = FALSE
	EndGlobalSection
	GlobalSection(ExtensibilityGlobals) = postSolution
		SolutionGuid = {569856DB-CF22-4513-A08E-8A871B9167ED}
	EndGlobalSection
EndGlobal
