
Microsoft Visual Studio Solution File, Format Version 12.00
# Visual Studio 15
VisualStudioVersion = 15.0.27130.2036
MinimumVisualStudioVersion = 10.0.40219.1
Project("{FAE04EC0-301F-11D3-BF4B-00C04F79EFBC}") = "CS_P143_MVC", "CS_P143_MVC\CS_P143_MVC.csproj", "{9A98B32E-343E-4EFE-A495-CF49115E6934}"
EndProject
Global
	GlobalSection(SolutionConfigurationPlatforms) = preSolution
		Debug|Any CPU = Debug|Any CPU
		Release|Any CPU = Release|Any CPU
	EndGlobalSection
	GlobalSection(ProjectConfigurationPlatforms) = postSolution
		{9A98B32E-343E-4EFE-A495-CF49115E6934}.Debug|Any CPU.ActiveCfg = Debug|Any CPU
		{9A98B32E-343E-4EFE-A495-CF49115E6934}.Debug|Any CPU.Build.0 = Debug|Any CPU
		{9A98B32E-343E-4EFE-A495-CF49115E6934}.Release|Any CPU.ActiveCfg = Release|Any CPU
		{9A98B32E-343E-4EFE-A495-CF49115E6934}.Release|Any CPU.Build.0 = Release|Any CPU
	EndGlobalSection
	GlobalSection(SolutionProperties) = preSolution
		HideSolutionNode = FALSE
	EndGlobalSection
	GlobalSection(ExtensibilityGlobals) = postSolution
		SolutionGuid = {629BABA0-FBC9-4A9F-9EE3-4E9A93234F7F}
	EndGlobalSection
EndGlobal
