
Microsoft Visual Studio Solution File, Format Version 12.00
# Visual Studio 15
VisualStudioVersion = 15.0.27130.2036
MinimumVisualStudioVersion = 10.0.40219.1
Project("{FAE04EC0-301F-11D3-BF4B-00C04F79EFBC}") = "CS_P027_Array_Lists", "CS_P027_Array_Lists\CS_P027_Array_Lists.csproj", "{CD738850-0B24-4A27-A24C-0E8B9D914975}"
EndProject
Global
	GlobalSection(SolutionConfigurationPlatforms) = preSolution
		Debug|Any CPU = Debug|Any CPU
		Release|Any CPU = Release|Any CPU
	EndGlobalSection
	GlobalSection(ProjectConfigurationPlatforms) = postSolution
		{CD738850-0B24-4A27-A24C-0E8B9D914975}.Debug|Any CPU.ActiveCfg = Debug|Any CPU
		{CD738850-0B24-4A27-A24C-0E8B9D914975}.Debug|Any CPU.Build.0 = Debug|Any CPU
		{CD738850-0B24-4A27-A24C-0E8B9D914975}.Release|Any CPU.ActiveCfg = Release|Any CPU
		{CD738850-0B24-4A27-A24C-0E8B9D914975}.Release|Any CPU.Build.0 = Release|Any CPU
	EndGlobalSection
	GlobalSection(SolutionProperties) = preSolution
		HideSolutionNode = FALSE
	EndGlobalSection
	GlobalSection(ExtensibilityGlobals) = postSolution
		SolutionGuid = {2E46EA73-6C37-4924-90D1-CD1CA409894B}
	EndGlobalSection
EndGlobal
