
Microsoft Visual Studio Solution File, Format Version 12.00
# Visual Studio 15
VisualStudioVersion = 15.0.27130.2036
MinimumVisualStudioVersion = 10.0.40219.1
Project("{FAE04EC0-301F-11D3-BF4B-00C04F79EFBC}") = "CS_P024_Exercise_do_while", "CS_P024_Exercise_do_while\CS_P024_Exercise_do_while.csproj", "{B72F6A2C-2832-420E-BA58-D8BD5D374EF6}"
EndProject
Global
	GlobalSection(SolutionConfigurationPlatforms) = preSolution
		Debug|Any CPU = Debug|Any CPU
		Release|Any CPU = Release|Any CPU
	EndGlobalSection
	GlobalSection(ProjectConfigurationPlatforms) = postSolution
		{B72F6A2C-2832-420E-BA58-D8BD5D374EF6}.Debug|Any CPU.ActiveCfg = Debug|Any CPU
		{B72F6A2C-2832-420E-BA58-D8BD5D374EF6}.Debug|Any CPU.Build.0 = Debug|Any CPU
		{B72F6A2C-2832-420E-BA58-D8BD5D374EF6}.Release|Any CPU.ActiveCfg = Release|Any CPU
		{B72F6A2C-2832-420E-BA58-D8BD5D374EF6}.Release|Any CPU.Build.0 = Release|Any CPU
	EndGlobalSection
	GlobalSection(SolutionProperties) = preSolution
		HideSolutionNode = FALSE
	EndGlobalSection
	GlobalSection(ExtensibilityGlobals) = postSolution
		SolutionGuid = {6599FFAB-F32D-46D1-8643-7BBA023EC0BC}
	EndGlobalSection
EndGlobal
