
Microsoft Visual Studio Solution File, Format Version 12.00
# Visual Studio 15
VisualStudioVersion = 15.0.27130.2036
MinimumVisualStudioVersion = 10.0.40219.1
Project("{FAE04EC0-301F-11D3-BF4B-00C04F79EFBC}") = "CS_P012", "CS_P012\CS_P012.csproj", "{FA420255-83FB-436F-B431-22B8E37E0389}"
EndProject
Global
	GlobalSection(SolutionConfigurationPlatforms) = preSolution
		Debug|Any CPU = Debug|Any CPU
		Release|Any CPU = Release|Any CPU
	EndGlobalSection
	GlobalSection(ProjectConfigurationPlatforms) = postSolution
		{FA420255-83FB-436F-B431-22B8E37E0389}.Debug|Any CPU.ActiveCfg = Debug|Any CPU
		{FA420255-83FB-436F-B431-22B8E37E0389}.Debug|Any CPU.Build.0 = Debug|Any CPU
		{FA420255-83FB-436F-B431-22B8E37E0389}.Release|Any CPU.ActiveCfg = Release|Any CPU
		{FA420255-83FB-436F-B431-22B8E37E0389}.Release|Any CPU.Build.0 = Release|Any CPU
	EndGlobalSection
	GlobalSection(SolutionProperties) = preSolution
		HideSolutionNode = FALSE
	EndGlobalSection
	GlobalSection(ExtensibilityGlobals) = postSolution
		SolutionGuid = {8B91D3A6-DCF5-41C1-94A3-A5F17771B8E3}
	EndGlobalSection
EndGlobal
