
Microsoft Visual Studio Solution File, Format Version 12.00
# Visual Studio 15
VisualStudioVersion = 15.0.27130.2036
MinimumVisualStudioVersion = 10.0.40219.1
Project("{FAE04EC0-301F-11D3-BF4B-00C04F79EFBC}") = "CS_P028_Exercise_Array", "CS_P028_Exercise_Array\CS_P028_Exercise_Array.csproj", "{13AED982-F3D2-41CF-815C-4B8C887F4B80}"
EndProject
Global
	GlobalSection(SolutionConfigurationPlatforms) = preSolution
		Debug|Any CPU = Debug|Any CPU
		Release|Any CPU = Release|Any CPU
	EndGlobalSection
	GlobalSection(ProjectConfigurationPlatforms) = postSolution
		{13AED982-F3D2-41CF-815C-4B8C887F4B80}.Debug|Any CPU.ActiveCfg = Debug|Any CPU
		{13AED982-F3D2-41CF-815C-4B8C887F4B80}.Debug|Any CPU.Build.0 = Debug|Any CPU
		{13AED982-F3D2-41CF-815C-4B8C887F4B80}.Release|Any CPU.ActiveCfg = Release|Any CPU
		{13AED982-F3D2-41CF-815C-4B8C887F4B80}.Release|Any CPU.Build.0 = Release|Any CPU
	EndGlobalSection
	GlobalSection(SolutionProperties) = preSolution
		HideSolutionNode = FALSE
	EndGlobalSection
	GlobalSection(ExtensibilityGlobals) = postSolution
		SolutionGuid = {B020AB24-075C-4E3A-980E-EE57AEF478DC}
	EndGlobalSection
EndGlobal
