
Microsoft Visual Studio Solution File, Format Version 12.00
# Visual Studio 15
VisualStudioVersion = 15.0.27130.2036
MinimumVisualStudioVersion = 10.0.40219.1
Project("{FAE04EC0-301F-11D3-BF4B-00C04F79EFBC}") = "CS_P038_Exercise_Optional para", "CS_P038_Exercise_Optional para\CS_P038_Exercise_Optional para.csproj", "{B3E4F96A-1540-4AB3-8BCB-9CB9BF025401}"
EndProject
Global
	GlobalSection(SolutionConfigurationPlatforms) = preSolution
		Debug|Any CPU = Debug|Any CPU
		Release|Any CPU = Release|Any CPU
	EndGlobalSection
	GlobalSection(ProjectConfigurationPlatforms) = postSolution
		{B3E4F96A-1540-4AB3-8BCB-9CB9BF025401}.Debug|Any CPU.ActiveCfg = Debug|Any CPU
		{B3E4F96A-1540-4AB3-8BCB-9CB9BF025401}.Debug|Any CPU.Build.0 = Debug|Any CPU
		{B3E4F96A-1540-4AB3-8BCB-9CB9BF025401}.Release|Any CPU.ActiveCfg = Release|Any CPU
		{B3E4F96A-1540-4AB3-8BCB-9CB9BF025401}.Release|Any CPU.Build.0 = Release|Any CPU
	EndGlobalSection
	GlobalSection(SolutionProperties) = preSolution
		HideSolutionNode = FALSE
	EndGlobalSection
	GlobalSection(ExtensibilityGlobals) = postSolution
		SolutionGuid = {C9D411D2-D331-4A47-ADDF-450A70540AEA}
	EndGlobalSection
EndGlobal
