
Microsoft Visual Studio Solution File, Format Version 12.00
# Visual Studio 15
VisualStudioVersion = 15.0.27130.2036
MinimumVisualStudioVersion = 10.0.40219.1
Project("{FAE04EC0-301F-11D3-BF4B-00C04F79EFBC}") = "CS_P043_Exercise_Inheritance", "CS_P043_Exercise_Inheritance\CS_P043_Exercise_Inheritance.csproj", "{FE8654E9-F85E-40EE-84B5-555D16B36EB0}"
EndProject
Global
	GlobalSection(SolutionConfigurationPlatforms) = preSolution
		Debug|Any CPU = Debug|Any CPU
		Release|Any CPU = Release|Any CPU
	EndGlobalSection
	GlobalSection(ProjectConfigurationPlatforms) = postSolution
		{FE8654E9-F85E-40EE-84B5-555D16B36EB0}.Debug|Any CPU.ActiveCfg = Debug|Any CPU
		{FE8654E9-F85E-40EE-84B5-555D16B36EB0}.Debug|Any CPU.Build.0 = Debug|Any CPU
		{FE8654E9-F85E-40EE-84B5-555D16B36EB0}.Release|Any CPU.ActiveCfg = Release|Any CPU
		{FE8654E9-F85E-40EE-84B5-555D16B36EB0}.Release|Any CPU.Build.0 = Release|Any CPU
	EndGlobalSection
	GlobalSection(SolutionProperties) = preSolution
		HideSolutionNode = FALSE
	EndGlobalSection
	GlobalSection(ExtensibilityGlobals) = postSolution
		SolutionGuid = {002B06D2-60E5-447B-80F0-64496D145A5F}
	EndGlobalSection
EndGlobal
