
Microsoft Visual Studio Solution File, Format Version 12.00
# Visual Studio 15
VisualStudioVersion = 15.0.27130.2036
MinimumVisualStudioVersion = 10.0.40219.1
Project("{FAE04EC0-301F-11D3-BF4B-00C04F79EFBC}") = "CS_P074_Exercise_Lambda", "CS_P074_Exercise_Lambda\CS_P074_Exercise_Lambda.csproj", "{8D973921-C72E-4494-BE58-9AD9CB769A55}"
EndProject
Global
	GlobalSection(SolutionConfigurationPlatforms) = preSolution
		Debug|Any CPU = Debug|Any CPU
		Release|Any CPU = Release|Any CPU
	EndGlobalSection
	GlobalSection(ProjectConfigurationPlatforms) = postSolution
		{8D973921-C72E-4494-BE58-9AD9CB769A55}.Debug|Any CPU.ActiveCfg = Debug|Any CPU
		{8D973921-C72E-4494-BE58-9AD9CB769A55}.Debug|Any CPU.Build.0 = Debug|Any CPU
		{8D973921-C72E-4494-BE58-9AD9CB769A55}.Release|Any CPU.ActiveCfg = Release|Any CPU
		{8D973921-C72E-4494-BE58-9AD9CB769A55}.Release|Any CPU.Build.0 = Release|Any CPU
	EndGlobalSection
	GlobalSection(SolutionProperties) = preSolution
		HideSolutionNode = FALSE
	EndGlobalSection
	GlobalSection(ExtensibilityGlobals) = postSolution
		SolutionGuid = {75CF2EFC-746D-4473-876E-D6A84491AABA}
	EndGlobalSection
EndGlobal
